{
  "name": "zenvu-monorepo",
  "version": "1.0.0",
  "lockfileVersion": 3,
  "requires": true,
  "packages": {
    "": {
      "name": "zenvu-monorepo",
      "version": "1.0.0",
      "license": "MIT",
      "workspaces": [
        "packages/@zenvu/*"
      ],
      "engines": {
        "node": ">=20.0.0"
      }
    },
    "node_modules/@zenvu/core": {
      "resolved": "packages/@zenvu/core",
      "link": true
    },
    "node_modules/@zenvu/live-sync": {
      "resolved": "packages/@zenvu/live-sync",
      "link": true
    },
    "node_modules/@zenvu/query": {
      "resolved": "packages/@zenvu/query",
      "link": true
    },
    "packages/@zenvu/core": {
      "version": "0.1.0",
      "license": "MIT"
    },
    "packages/@zenvu/live-sync": {
      "version": "0.1.0",
      "license": "MIT"
    },
    "packages/@zenvu/query": {
      "version": "0.1.0",
      "license": "MIT"
    },
    "packages/ai": {
      "name": "@zenvu/ai",
      "version": "0.1.0",
      "extraneous": true,
      "license": "MIT",
      "dependencies": {
        "@zenvu/runtime": "^0.1.0"
      },
      "devDependencies": {
        "tsup": "^8.0.0",
        "typescript": "^5.7.0"
      }
    },
    "packages/auth": {
      "name": "@zenvu/auth",
      "version": "0.1.0",
      "extraneous": true,
      "license": "MIT",
      "dependencies": {
        "@zenvu/runtime": "^0.1.0"
      },
      "devDependencies": {
        "tsup": "^8.0.0",
        "typescript": "^5.7.0"
      }
    },
    "packages/devtools": {
      "name": "@zenvu/devtools",
      "version": "0.1.0",
      "extraneous": true
    },
    "packages/hooks": {
      "name": "@zenvu/hooks",
      "version": "0.1.0",
      "extraneous": true,
      "license": "MIT",
      "devDependencies": {
        "tsup": "^8.0.0",
        "typescript": "^5.7.0"
      }
    },
    "packages/inspector": {
      "name": "@zenvu/inspector",
      "version": "0.1.0",
      "extraneous": true,
      "devDependencies": {
        "tsup": "^8.0.0",
        "typescript": "^5.7.0"
      }
    },
    "packages/motion": {
      "name": "@zenvu/motion",
      "version": "0.1.0",
      "extraneous": true,
      "license": "MIT",
      "devDependencies": {
        "tsup": "^8.0.0",
        "typescript": "^5.7.0"
      }
    },
    "packages/reactivity": {
      "name": "@zenvu/reactivity",
      "version": "0.1.0",
      "extraneous": true,
      "license": "MIT",
      "devDependencies": {
        "tsup": "^8.0.0",
        "typescript": "^5.7.0"
      }
    },
    "packages/router": {
      "name": "@zenvu/router",
      "version": "0.1.0",
      "extraneous": true,
      "license": "MIT",
      "dependencies": {
        "@zenvu/runtime": "^0.1.0"
      },
      "devDependencies": {
        "tsup": "^8.0.0",
        "typescript": "^5.7.0"
      }
    },
    "packages/runtime-core": {
      "name": "@zenvu/runtime-core",
      "version": "0.1.0",
      "extraneous": true,
      "license": "MIT",
      "dependencies": {
        "@zenvu/reactivity": "^0.1.0"
      },
      "devDependencies": {
        "tsup": "^8.0.0",
        "typescript": "^5.7.0"
      }
    },
    "packages/store": {
      "name": "@zenvu/store",
      "version": "0.1.0",
      "extraneous": true,
      "license": "MIT",
      "dependencies": {
        "@zenvu/runtime": "^0.1.0"
      },
      "devDependencies": {
        "tsup": "^8.0.0",
        "typescript": "^5.7.0"
      }
    },
    "runtime": {
      "name": "@zenvu/runtime",
      "version": "0.1.0",
      "extraneous": true,
      "license": "MIT",
      "devDependencies": {
        "tsup": "^8.0.0",
        "typescript": "^5.7.0"
      }
    }
  }
}
